
Microsoft Visual Studio Solution File, Format Version 12.00
# Visual Studio Version 16
VisualStudioVersion = 16.0.29806.167
MinimumVisualStudioVersion = 10.0.40219.1
Project("{FAE04EC0-301F-11D3-BF4B-00C04F79EFBC}") = "Visitor", "Visitor\Visitor.csproj", "{B6E1CC93-0488-4C84-B63F-BFD735EB7583}"
EndProject
Global
	GlobalSection(SolutionConfigurationPlatforms) = preSolution
		Debug|Any CPU = Debug|Any CPU
		Release|Any CPU = Release|Any CPU
	EndGlobalSection
	GlobalSection(ProjectConfigurationPlatforms) = postSolution
		{B6E1CC93-0488-4C84-B63F-BFD735EB7583}.Debug|Any CPU.ActiveCfg = Debug|Any CPU
		{B6E1CC93-0488-4C84-B63F-BFD735EB7583}.Debug|Any CPU.Build.0 = Debug|Any CPU
		{B6E1CC93-0488-4C84-B63F-BFD735EB7583}.Release|Any CPU.ActiveCfg = Release|Any CPU
		{B6E1CC93-0488-4C84-B63F-BFD735EB7583}.Release|Any CPU.Build.0 = Release|Any CPU
	EndGlobalSection
	GlobalSection(SolutionProperties) = preSolution
		HideSolutionNode = FALSE
	EndGlobalSection
	GlobalSection(ExtensibilityGlobals) = postSolution
		SolutionGuid = {448B6301-7511-418A-BE82-91E6B193C611}
	EndGlobalSection
EndGlobal
